// !$*UTF8*$!
{
	archiveVersion = 1;
	classes = {
	};
	objectVersion = 50;
	objects = {

/* Begin PBXBuildFile section */
		452CF2C624124B1B00889678 /* AppDelegate.swift in Sources */ = {isa = PBXBuildFile; fileRef = 452CF2C524124B1B00889678 /* AppDelegate.swift */; };
		452CF2C824124B1B00889678 /* SceneDelegate.swift in Sources */ = {isa = PBXBuildFile; fileRef = 452CF2C724124B1B00889678 /* SceneDelegate.swift */; };
		452CF2CA24124B1B00889678 /* CustomTabBar.swift in Sources */ = {isa = PBXBuildFile; fileRef = 452CF2C924124B1B00889678 /* CustomTabBar.swift */; };
		452CF2CC24124B1C00889678 /* Assets.xcassets in Resources */ = {isa = PBXBuildFile; fileRef = 452CF2CB24124B1C00889678 /* Assets.xcassets */; };
		452CF2CF24124B1C00889678 /* Preview Assets.xcassets in Resources */ = {isa = PBXBuildFile; fileRef = 452CF2CE24124B1C00889678 /* Preview Assets.xcassets */; };
		452CF2D224124B1C00889678 /* LaunchScreen.storyboard in Resources */ = {isa = PBXBuildFile; fileRef = 452CF2D024124B1C00889678 /* LaunchScreen.storyboard */; };
		452CF2DA24124BA700889678 /* TabBarItem.swift in Sources */ = {isa = PBXBuildFile; fileRef = 452CF2D924124BA700889678 /* TabBarItem.swift */; };
		452CF2DC24124BC700889678 /* Tab.swift in Sources */ = {isa = PBXBuildFile; fileRef = 452CF2DB24124BC700889678 /* Tab.swift */; };
		452CF2DE24124C7700889678 /* Screen1.swift in Sources */ = {isa = PBXBuildFile; fileRef = 452CF2DD24124C7700889678 /* Screen1.swift */; };
		452CF2E024124C8400889678 /* Screen2.swift in Sources */ = {isa = PBXBuildFile; fileRef = 452CF2DF24124C8400889678 /* Screen2.swift */; };
		452CF2E224124D3300889678 /* ShowModalTabBarItem.swift in Sources */ = {isa = PBXBuildFile; fileRef = 452CF2E124124D3300889678 /* ShowModalTabBarItem.swift */; };
		452CF2E424124E3A00889678 /* ScreenModal.swift in Sources */ = {isa = PBXBuildFile; fileRef = 452CF2E324124E3A00889678 /* ScreenModal.swift */; };
		452CF2E6241253FB00889678 /* ScreenDetail.swift in Sources */ = {isa = PBXBuildFile; fileRef = 452CF2E5241253FB00889678 /* ScreenDetail.swift */; };
/* End PBXBuildFile section */

/* Begin PBXFileReference section */
		452CF2C224124B1B00889678 /* CustomTabBar.app */ = {isa = PBXFileReference; explicitFileType = wrapper.application; includeInIndex = 0; path = CustomTabBar.app; sourceTree = BUILT_PRODUCTS_DIR; };
		452CF2C524124B1B00889678 /* AppDelegate.swift */ = {isa = PBXFileReference; lastKnownFileType = sourcecode.swift; path = AppDelegate.swift; sourceTree = "<group>"; };
		452CF2C724124B1B00889678 /* SceneDelegate.swift */ = {isa = PBXFileReference; lastKnownFileType = sourcecode.swift; path = SceneDelegate.swift; sourceTree = "<group>"; };
		452CF2C924124B1B00889678 /* CustomTabBar.swift */ = {isa = PBXFileReference; lastKnownFileType = sourcecode.swift; path = CustomTabBar.swift; sourceTree = "<group>"; };
		452CF2CB24124B1C00889678 /* Assets.xcassets */ = {isa = PBXFileReference; lastKnownFileType = folder.assetcatalog; path = Assets.xcassets; sourceTree = "<group>"; };
		452CF2CE24124B1C00889678 /* Preview Assets.xcassets */ = {isa = PBXFileReference; lastKnownFileType = folder.assetcatalog; path = "Preview Assets.xcassets"; sourceTree = "<group>"; };
		452CF2D124124B1C00889678 /* Base */ = {isa = PBXFileReference; lastKnownFileType = file.storyboard; name = Base; path = Base.lproj/LaunchScreen.storyboard; sourceTree = "<group>"; };
		452CF2D324124B1C00889678 /* Info.plist */ = {isa = PBXFileReference; lastKnownFileType = text.plist.xml; path = Info.plist; sourceTree = "<group>"; };
		452CF2D924124BA700889678 /* TabBarItem.swift */ = {isa = PBXFileReference; lastKnownFileType = sourcecode.swift; path = TabBarItem.swift; sourceTree = "<group>"; };
		452CF2DB24124BC700889678 /* Tab.swift */ = {isa = PBXFileReference; lastKnownFileType = sourcecode.swift; path = Tab.swift; sourceTree = "<group>"; };
		452CF2DD24124C7700889678 /* Screen1.swift */ = {isa = PBXFileReference; lastKnownFileType = sourcecode.swift; path = Screen1.swift; sourceTree = "<group>"; };
		452CF2DF24124C8400889678 /* Screen2.swift */ = {isa = PBXFileReference; lastKnownFileType = sourcecode.swift; path = Screen2.swift; sourceTree = "<group>"; };
		452CF2E124124D3300889678 /* ShowModalTabBarItem.swift */ = {isa = PBXFileReference; lastKnownFileType = sourcecode.swift; path = ShowModalTabBarItem.swift; sourceTree = "<group>"; };
		452CF2E324124E3A00889678 /* ScreenModal.swift */ = {isa = PBXFileReference; lastKnownFileType = sourcecode.swift; path = ScreenModal.swift; sourceTree = "<group>"; };
		452CF2E5241253FB00889678 /* ScreenDetail.swift */ = {isa = PBXFileReference; lastKnownFileType = sourcecode.swift; path = ScreenDetail.swift; sourceTree = "<group>"; };
		452CF2E72412593800889678 /* LICENSE.md */ = {isa = PBXFileReference; lastKnownFileType = net.daringfireball.markdown; path = LICENSE.md; sourceTree = "<group>"; };
		452CF2E8241259C300889678 /* README.md */ = {isa = PBXFileReference; lastKnownFileType = net.daringfireball.markdown; path = README.md; sourceTree = "<group>"; };
/* End PBXFileReference section */

/* Begin PBXFrameworksBuildPhase section */
		452CF2BF24124B1B00889678 /* Frameworks */ = {
			isa = PBXFrameworksBuildPhase;
			buildActionMask = 2147483647;
			files = (
			);
			runOnlyForDeploymentPostprocessing = 0;
		};
/* End PBXFrameworksBuildPhase section */

/* Begin PBXGroup section */
		452CF2B924124B1B00889678 = {
			isa = PBXGroup;
			children = (
				452CF2E8241259C300889678 /* README.md */,
				452CF2E72412593800889678 /* LICENSE.md */,
				452CF2C424124B1B00889678 /* CustomTabBar */,
				452CF2C324124B1B00889678 /* Products */,
			);
			sourceTree = "<group>";
		};
		452CF2C324124B1B00889678 /* Products */ = {
			isa = PBXGroup;
			children = (
				452CF2C224124B1B00889678 /* CustomTabBar.app */,
			);
			name = Products;
			sourceTree = "<group>";
		};
		452CF2C424124B1B00889678 /* CustomTabBar */ = {
			isa = PBXGroup;
			children = (
				452CF2C524124B1B00889678 /* AppDelegate.swift */,
				452CF2C724124B1B00889678 /* SceneDelegate.swift */,
				452CF2C924124B1B00889678 /* CustomTabBar.swift */,
				452CF2D924124BA700889678 /* TabBarItem.swift */,
				452CF2E124124D3300889678 /* ShowModalTabBarItem.swift */,
				452CF2DB24124BC700889678 /* Tab.swift */,
				452CF2DD24124C7700889678 /* Screen1.swift */,
				452CF2DF24124C8400889678 /* Screen2.swift */,
				452CF2E324124E3A00889678 /* ScreenModal.swift */,
				452CF2E5241253FB00889678 /* ScreenDetail.swift */,
				452CF2CB24124B1C00889678 /* Assets.xcassets */,
				452CF2D024124B1C00889678 /* LaunchScreen.storyboard */,
				452CF2D324124B1C00889678 /* Info.plist */,
				452CF2CD24124B1C00889678 /* Preview Content */,
			);
			path = CustomTabBar;
			sourceTree = "<group>";
		};
		452CF2CD24124B1C00889678 /* Preview Content */ = {
			isa = PBXGroup;
			children = (
				452CF2CE24124B1C00889678 /* Preview Assets.xcassets */,
			);
			path = "Preview Content";
			sourceTree = "<group>";
		};
/* End PBXGroup section */

/* Begin PBXNativeTarget section */
		452CF2C124124B1B00889678 /* CustomTabBar */ = {
			isa = PBXNativeTarget;
			buildConfigurationList = 452CF2D624124B1C00889678 /* Build configuration list for PBXNativeTarget "CustomTabBar" */;
			buildPhases = (
				452CF2BE24124B1B00889678 /* Sources */,
				452CF2BF24124B1B00889678 /* Frameworks */,
				452CF2C024124B1B00889678 /* Resources */,
			);
			buildRules = (
			);
			dependencies = (
			);
			name = CustomTabBar;
			productName = CustomTabBar;
			productReference = 452CF2C224124B1B00889678 /* CustomTabBar.app */;
			productType = "com.apple.product-type.application";
		};
/* End PBXNativeTarget section */

/* Begin PBXProject section */
		452CF2BA24124B1B00889678 /* Project object */ = {
			isa = PBXProject;
			attributes = {
				LastSwiftUpdateCheck = 1130;
				LastUpgradeCheck = 1130;
				ORGANIZATIONNAME = "Fabrizio Duroni";
				TargetAttributes = {
					452CF2C124124B1B00889678 = {
						CreatedOnToolsVersion = 11.3.1;
					};
				};
			};
			buildConfigurationList = 452CF2BD24124B1B00889678 /* Build configuration list for PBXProject "CustomTabBar" */;
			compatibilityVersion = "Xcode 9.3";
			developmentRegion = en;
			hasScannedForEncodings = 0;
			knownRegions = (
				en,
				Base,
			);
			mainGroup = 452CF2B924124B1B00889678;
			productRefGroup = 452CF2C324124B1B00889678 /* Products */;
			projectDirPath = "";
			projectRoot = "";
			targets = (
				452CF2C124124B1B00889678 /* CustomTabBar */,
			);
		};
/* End PBXProject section */

/* Begin PBXResourcesBuildPhase section */
		452CF2C024124B1B00889678 /* Resources */ = {
			isa = PBXResourcesBuildPhase;
			buildActionMask = 2147483647;
			files = (
				452CF2D224124B1C00889678 /* LaunchScreen.storyboard in Resources */,
				452CF2CF24124B1C00889678 /* Preview Assets.xcassets in Resources */,
				452CF2CC24124B1C00889678 /* Assets.xcassets in Resources */,
			);
			runOnlyForDeploymentPostprocessing = 0;
		};
/* End PBXResourcesBuildPhase section */

/* Begin PBXSourcesBuildPhase section */
		452CF2BE24124B1B00889678 /* Sources */ = {
			isa = PBXSourcesBuildPhase;
			buildActionMask = 2147483647;
			files = (
				452CF2C624124B1B00889678 /* AppDelegate.swift in Sources */,
				452CF2C824124B1B00889678 /* SceneDelegate.swift in Sources */,
				452CF2E6241253FB00889678 /* ScreenDetail.swift in Sources */,
				452CF2DC24124BC700889678 /* Tab.swift in Sources */,
				452CF2E024124C8400889678 /* Screen2.swift in Sources */,
				452CF2DE24124C7700889678 /* Screen1.swift in Sources */,
				452CF2E224124D3300889678 /* ShowModalTabBarItem.swift in Sources */,
				452CF2E424124E3A00889678 /* ScreenModal.swift in Sources */,
				452CF2DA24124BA700889678 /* TabBarItem.swift in Sources */,
				452CF2CA24124B1B00889678 /* CustomTabBar.swift in Sources */,
			);
			runOnlyForDeploymentPostprocessing = 0;
		};
/* End PBXSourcesBuildPhase section */

/* Begin PBXVariantGroup section */
		452CF2D024124B1C00889678 /* LaunchScreen.storyboard */ = {
			isa = PBXVariantGroup;
			children = (
				452CF2D124124B1C00889678 /* Base */,
			);
			name = LaunchScreen.storyboard;
			sourceTree = "<group>";
		};
/* End PBXVariantGroup section */

/* Begin XCBuildConfiguration section */
		452CF2D424124B1C00889678 /* Debug */ = {
			isa = XCBuildConfiguration;
			buildSettings = {
				ALWAYS_SEARCH_USER_PATHS = NO;
				CLANG_ANALYZER_NONNULL = YES;
				CLANG_ANALYZER_NUMBER_OBJECT_CONVERSION = YES_AGGRESSIVE;
				CLANG_CXX_LANGUAGE_STANDARD = "gnu++14";
				CLANG_CXX_LIBRARY = "libc++";
				CLANG_ENABLE_MODULES = YES;
				CLANG_ENABLE_OBJC_ARC = YES;
				CLANG_ENABLE_OBJC_WEAK = YES;
				CLANG_WARN_BLOCK_CAPTURE_AUTORELEASING = YES;
				CLANG_WARN_BOOL_CONVERSION = YES;
				CLANG_WARN_COMMA = YES;
				CLANG_WARN_CONSTANT_CONVERSION = YES;
				CLANG_WARN_DEPRECATED_OBJC_IMPLEMENTATIONS = YES;
				CLANG_WARN_DIRECT_OBJC_ISA_USAGE = YES_ERROR;
				CLANG_WARN_DOCUMENTATION_COMMENTS = YES;
				CLANG_WARN_EMPTY_BODY = YES;
				CLANG_WARN_ENUM_CONVERSION = YES;
				CLANG_WARN_INFINITE_RECURSION = YES;
				CLANG_WARN_INT_CONVERSION = YES;
				CLANG_WARN_NON_LITERAL_NULL_CONVERSION = YES;
				CLANG_WARN_OBJC_IMPLICIT_RETAIN_SELF = YES;
				CLANG_WARN_OBJC_LITERAL_CONVERSION = YES;
				CLANG_WARN_OBJC_ROOT_CLASS = YES_ERROR;
				CLANG_WARN_RANGE_LOOP_ANALYSIS = YES;
				CLANG_WARN_STRICT_PROTOTYPES = YES;
				CLANG_WARN_SUSPICIOUS_MOVE = YES;
				CLANG_WARN_UNGUARDED_AVAILABILITY = YES_AGGRESSIVE;
				CLANG_WARN_UNREACHABLE_CODE = YES;
				CLANG_WARN__DUPLICATE_METHOD_MATCH = YES;
				COPY_PHASE_STRIP = NO;
				DEBUG_INFORMATION_FORMAT = dwarf;
				ENABLE_STRICT_OBJC_MSGSEND = YES;
				ENABLE_TESTABILITY = YES;
				GCC_C_LANGUAGE_STANDARD = gnu11;
				GCC_DYNAMIC_NO_PIC = NO;
				GCC_NO_COMMON_BLOCKS = YES;
				GCC_OPTIMIZATION_LEVEL = 0;
				GCC_PREPROCESSOR_DEFINITIONS = (
					"DEBUG=1",
					"$(inherited)",
				);
				GCC_WARN_64_TO_32_BIT_CONVERSION = YES;
				GCC_WARN_ABOUT_RETURN_TYPE = YES_ERROR;
				GCC_WARN_UNDECLARED_SELECTOR = YES;
				GCC_WARN_UNINITIALIZED_AUTOS = YES_AGGRESSIVE;
				GCC_WARN_UNUSED_FUNCTION = YES;
				GCC_WARN_UNUSED_VARIABLE = YES;
				IPHONEOS_DEPLOYMENT_TARGET = 13.2;
				MTL_ENABLE_DEBUG_INFO = INCLUDE_SOURCE;
				MTL_FAST_MATH = YES;
				ONLY_ACTIVE_ARCH = YES;
				SDKROOT = iphoneos;
				SWIFT_ACTIVE_COMPILATION_CONDITIONS = DEBUG;
				SWIFT_OPTIMIZATION_LEVEL = "-Onone";
			};
			name = Debug;
		};
		452CF2D524124B1C00889678 /* Release */ = {
			isa = XCBuildConfiguration;
			buildSettings = {
				ALWAYS_SEARCH_USER_PATHS = NO;
				CLANG_ANALYZER_NONNULL = YES;
				CLANG_ANALYZER_NUMBER_OBJECT_CONVERSION = YES_AGGRESSIVE;
				CLANG_CXX_LANGUAGE_STANDARD = "gnu++14";
				CLANG_CXX_LIBRARY = "libc++";
				CLANG_ENABLE_MODULES = YES;
				CLANG_ENABLE_OBJC_ARC = YES;
				CLANG_ENABLE_OBJC_WEAK = YES;
				CLANG_WARN_BLOCK_CAPTURE_AUTORELEASING = YES;
				CLANG_WARN_BOOL_CONVERSION = YES;
				CLANG_WARN_COMMA = YES;
				CLANG_WARN_CONSTANT_CONVERSION = YES;
				CLANG_WARN_DEPRECATED_OBJC_IMPLEMENTATIONS = YES;
				CLANG_WARN_DIRECT_OBJC_ISA_USAGE = YES_ERROR;
				CLANG_WARN_DOCUMENTATION_COMMENTS = YES;
				CLANG_WARN_EMPTY_BODY = YES;
				CLANG_WARN_ENUM_CONVERSION = YES;
				CLANG_WARN_INFINITE_RECURSION = YES;
				CLANG_WARN_INT_CONVERSION = YES;
				CLANG_WARN_NON_LITERAL_NULL_CONVERSION = YES;
				CLANG_WARN_OBJC_IMPLICIT_RETAIN_SELF = YES;
				CLANG_WARN_OBJC_LITERAL_CONVERSION = YES;
				CLANG_WARN_OBJC_ROOT_CLASS = YES_ERROR;
				CLANG_WARN_RANGE_LOOP_ANALYSIS = YES;
				CLANG_WARN_STRICT_PROTOTYPES = YES;
				CLANG_WARN_SUSPICIOUS_MOVE = YES;
				CLANG_WARN_UNGUARDED_AVAILABILITY = YES_AGGRESSIVE;
				CLANG_WARN_UNREACHABLE_CODE = YES;
				CLANG_WARN__DUPLICATE_METHOD_MATCH = YES;
				COPY_PHASE_STRIP = NO;
				DEBUG_INFORMATION_FORMAT = "dwarf-with-dsym";
				ENABLE_NS_ASSERTIONS = NO;
				ENABLE_STRICT_OBJC_MSGSEND = YES;
				GCC_C_LANGUAGE_STANDARD = gnu11;
				GCC_NO_COMMON_BLOCKS = YES;
				GCC_WARN_64_TO_32_BIT_CONVERSION = YES;
				GCC_WARN_ABOUT_RETURN_TYPE = YES_ERROR;
				GCC_WARN_UNDECLARED_SELECTOR = YES;
				GCC_WARN_UNINITIALIZED_AUTOS = YES_AGGRESSIVE;
				GCC_WARN_UNUSED_FUNCTION = YES;
				GCC_WARN_UNUSED_VARIABLE = YES;
				IPHONEOS_DEPLOYMENT_TARGET = 13.2;
				MTL_ENABLE_DEBUG_INFO = NO;
				MTL_FAST_MATH = YES;
				SDKROOT = iphoneos;
				SWIFT_COMPILATION_MODE = wholemodule;
				SWIFT_OPTIMIZATION_LEVEL = "-O";
				VALIDATE_PRODUCT = YES;
			};
			name = Release;
		};
		452CF2D724124B1C00889678 /* Debug */ = {
			isa = XCBuildConfiguration;
			buildSettings = {
				ASSETCATALOG_COMPILER_APPICON_NAME = AppIcon;
				CODE_SIGN_STYLE = Automatic;
				DEVELOPMENT_ASSET_PATHS = "\"CustomTabBar/Preview Content\"";
				DEVELOPMENT_TEAM = Y682K92RZU;
				ENABLE_PREVIEWS = YES;
				INFOPLIST_FILE = CustomTabBar/Info.plist;
				LD_RUNPATH_SEARCH_PATHS = (
					"$(inherited)",
					"@executable_path/Frameworks",
				);
				PRODUCT_BUNDLE_IDENTIFIER = it.chicio.CustomTabBar;
				PRODUCT_NAME = "$(TARGET_NAME)";
				SWIFT_VERSION = 5.0;
				TARGETED_DEVICE_FAMILY = "1,2";
			};
			name = Debug;
		};
		452CF2D824124B1C00889678 /* Release */ = {
			isa = XCBuildConfiguration;
			buildSettings = {
				ASSETCATALOG_COMPILER_APPICON_NAME = AppIcon;
				CODE_SIGN_STYLE = Automatic;
				DEVELOPMENT_ASSET_PATHS = "\"CustomTabBar/Preview Content\"";
				DEVELOPMENT_TEAM = Y682K92RZU;
				ENABLE_PREVIEWS = YES;
				INFOPLIST_FILE = CustomTabBar/Info.plist;
				LD_RUNPATH_SEARCH_PATHS = (
					"$(inherited)",
					"@executable_path/Frameworks",
				);
				PRODUCT_BUNDLE_IDENTIFIER = it.chicio.CustomTabBar;
				PRODUCT_NAME = "$(TARGET_NAME)";
				SWIFT_VERSION = 5.0;
				TARGETED_DEVICE_FAMILY = "1,2";
			};
			name = Release;
		};
/* End XCBuildConfiguration section */

/* Begin XCConfigurationList section */
		452CF2BD24124B1B00889678 /* Build configuration list for PBXProject "CustomTabBar" */ = {
			isa = XCConfigurationList;
			buildConfigurations = (
				452CF2D424124B1C00889678 /* Debug */,
				452CF2D524124B1C00889678 /* Release */,
			);
			defaultConfigurationIsVisible = 0;
			defaultConfigurationName = Release;
		};
		452CF2D624124B1C00889678 /* Build configuration list for PBXNativeTarget "CustomTabBar" */ = {
			isa = XCConfigurationList;
			buildConfigurations = (
				452CF2D724124B1C00889678 /* Debug */,
				452CF2D824124B1C00889678 /* Release */,
			);
			defaultConfigurationIsVisible = 0;
			defaultConfigurationName = Release;
		};
/* End XCConfigurationList section */
	};
	rootObject = 452CF2BA24124B1B00889678 /* Project object */;
}
